
Microsoft Visual Studio Solution File, Format Version 12.00
# Visual Studio Version 17
VisualStudioVersion = 17.10.35013.160
MinimumVisualStudioVersion = 10.0.40219.1
Project("{FAE04EC0-301F-11D3-BF4B-00C04F79EFBC}") = "Sklep internetowy", "Sklep internetowy\Sklep internetowy.csproj", "{83D36585-1DAE-4140-8A45-720D6A589EFB}"
EndProject
Global
	GlobalSection(SolutionConfigurationPlatforms) = preSolution
		Debug|Any CPU = Debug|Any CPU
		Release|Any CPU = Release|Any CPU
	EndGlobalSection
	GlobalSection(ProjectConfigurationPlatforms) = postSolution
		{83D36585-1DAE-4140-8A45-720D6A589EFB}.Debug|Any CPU.ActiveCfg = Debug|Any CPU
		{83D36585-1DAE-4140-8A45-720D6A589EFB}.Debug|Any CPU.Build.0 = Debug|Any CPU
		{83D36585-1DAE-4140-8A45-720D6A589EFB}.Release|Any CPU.ActiveCfg = Release|Any CPU
		{83D36585-1DAE-4140-8A45-720D6A589EFB}.Release|Any CPU.Build.0 = Release|Any CPU
	EndGlobalSection
	GlobalSection(SolutionProperties) = preSolution
		HideSolutionNode = FALSE
	EndGlobalSection
	GlobalSection(ExtensibilityGlobals) = postSolution
		SolutionGuid = {0E4B99B1-228A-49CD-B9D2-8D5CC19AB4A2}
	EndGlobalSection
EndGlobal
